
Microsoft Visual Studio Solution File, Format Version 12.00
# Visual Studio Version 17
VisualStudioVersion = 17.9.34902.65
MinimumVisualStudioVersion = 10.0.40219.1
Project("{FAE04EC0-301F-11D3-BF4B-00C04F79EFBC}") = "BUD", "BUD.csproj", "{617C72FC-95E3-4007-9DAE-A304F758364B}"
EndProject
Global
	GlobalSection(SolutionConfigurationPlatforms) = preSolution
		Debug|Any CPU = Debug|Any CPU
		Release|Any CPU = Release|Any CPU
	EndGlobalSection
	GlobalSection(ProjectConfigurationPlatforms) = postSolution
		{617C72FC-95E3-4007-9DAE-A304F758364B}.Debug|Any CPU.ActiveCfg = Debug|Any CPU
		{617C72FC-95E3-4007-9DAE-A304F758364B}.Debug|Any CPU.Build.0 = Debug|Any CPU
		{617C72FC-95E3-4007-9DAE-A304F758364B}.Release|Any CPU.ActiveCfg = Release|Any CPU
		{617C72FC-95E3-4007-9DAE-A304F758364B}.Release|Any CPU.Build.0 = Release|Any CPU
	EndGlobalSection
	GlobalSection(SolutionProperties) = preSolution
		HideSolutionNode = FALSE
	EndGlobalSection
	GlobalSection(ExtensibilityGlobals) = postSolution
		SolutionGuid = {10485F4A-4FB3-4FB8-806E-76895543922C}
	EndGlobalSection
EndGlobal
